
Microsoft Visual Studio Solution File, Format Version 12.00
# Visual Studio Version 16
VisualStudioVersion = 16.0.31624.102
MinimumVisualStudioVersion = 10.0.40219.1
Project("{FAE04EC0-301F-11D3-BF4B-00C04F79EFBC}") = "ChatAppClient.UWP", "ChatAppClient.UWP\ChatAppClient.UWP.csproj", "{7B891FCE-F2CF-4962-88BA-0CBBC8B51B97}"
EndProject
Project("{FAE04EC0-301F-11D3-BF4B-00C04F79EFBC}") = "ChatAppClient.Android", "ChatAppClient.Android\ChatAppClient.Android.csproj", "{619CBA9A-F196-4250-928A-E2550B8A1191}"
EndProject
Project("{FAE04EC0-301F-11D3-BF4B-00C04F79EFBC}") = "ChatAppClient", "ChatAppClient\ChatAppClient.csproj", "{322284D3-DDBA-4DEF-98CD-7454F19CCEF6}"
EndProject
Global
	GlobalSection(SolutionConfigurationPlatforms) = preSolution
		Debug|Any CPU = Debug|Any CPU
		Debug|ARM = Debug|ARM
		Debug|x64 = Debug|x64
		Debug|x86 = Debug|x86
		Release|Any CPU = Release|Any CPU
		Release|ARM = Release|ARM
		Release|x64 = Release|x64
		Release|x86 = Release|x86
	EndGlobalSection
	GlobalSection(ProjectConfigurationPlatforms) = postSolution
		{7B891FCE-F2CF-4962-88BA-0CBBC8B51B97}.Debug|Any CPU.ActiveCfg = Debug|x86
		{7B891FCE-F2CF-4962-88BA-0CBBC8B51B97}.Debug|Any CPU.Build.0 = Debug|x86
		{7B891FCE-F2CF-4962-88BA-0CBBC8B51B97}.Debug|Any CPU.Deploy.0 = Debug|x86
		{7B891FCE-F2CF-4962-88BA-0CBBC8B51B97}.Debug|ARM.ActiveCfg = Debug|ARM
		{7B891FCE-F2CF-4962-88BA-0CBBC8B51B97}.Debug|ARM.Build.0 = Debug|ARM
		{7B891FCE-F2CF-4962-88BA-0CBBC8B51B97}.Debug|ARM.Deploy.0 = Debug|ARM
		{7B891FCE-F2CF-4962-88BA-0CBBC8B51B97}.Debug|x64.ActiveCfg = Debug|x64
		{7B891FCE-F2CF-4962-88BA-0CBBC8B51B97}.Debug|x64.Build.0 = Debug|x64
		{7B891FCE-F2CF-4962-88BA-0CBBC8B51B97}.Debug|x64.Deploy.0 = Debug|x64
		{7B891FCE-F2CF-4962-88BA-0CBBC8B51B97}.Debug|x86.ActiveCfg = Debug|x86
		{7B891FCE-F2CF-4962-88BA-0CBBC8B51B97}.Debug|x86.Build.0 = Debug|x86
		{7B891FCE-F2CF-4962-88BA-0CBBC8B51B97}.Debug|x86.Deploy.0 = Debug|x86
		{7B891FCE-F2CF-4962-88BA-0CBBC8B51B97}.Release|Any CPU.ActiveCfg = Release|x86
		{7B891FCE-F2CF-4962-88BA-0CBBC8B51B97}.Release|Any CPU.Build.0 = Release|x86
		{7B891FCE-F2CF-4962-88BA-0CBBC8B51B97}.Release|Any CPU.Deploy.0 = Release|x86
		{7B891FCE-F2CF-4962-88BA-0CBBC8B51B97}.Release|ARM.ActiveCfg = Release|ARM
		{7B891FCE-F2CF-4962-88BA-0CBBC8B51B97}.Release|ARM.Build.0 = Release|ARM
		{7B891FCE-F2CF-4962-88BA-0CBBC8B51B97}.Release|ARM.Deploy.0 = Release|ARM
		{7B891FCE-F2CF-4962-88BA-0CBBC8B51B97}.Release|x64.ActiveCfg = Release|x64
		{7B891FCE-F2CF-4962-88BA-0CBBC8B51B97}.Release|x64.Build.0 = Release|x64
		{7B891FCE-F2CF-4962-88BA-0CBBC8B51B97}.Release|x64.Deploy.0 = Release|x64
		{7B891FCE-F2CF-4962-88BA-0CBBC8B51B97}.Release|x86.ActiveCfg = Release|x86
		{7B891FCE-F2CF-4962-88BA-0CBBC8B51B97}.Release|x86.Build.0 = Release|x86
		{7B891FCE-F2CF-4962-88BA-0CBBC8B51B97}.Release|x86.Deploy.0 = Release|x86
		{619CBA9A-F196-4250-928A-E2550B8A1191}.Debug|Any CPU.ActiveCfg = Debug|Any CPU
		{619CBA9A-F196-4250-928A-E2550B8A1191}.Debug|Any CPU.Build.0 = Debug|Any CPU
		{619CBA9A-F196-4250-928A-E2550B8A1191}.Debug|Any CPU.Deploy.0 = Debug|Any CPU
		{619CBA9A-F196-4250-928A-E2550B8A1191}.Debug|ARM.ActiveCfg = Debug|Any CPU
		{619CBA9A-F196-4250-928A-E2550B8A1191}.Debug|ARM.Build.0 = Debug|Any CPU
		{619CBA9A-F196-4250-928A-E2550B8A1191}.Debug|ARM.Deploy.0 = Debug|Any CPU
		{619CBA9A-F196-4250-928A-E2550B8A1191}.Debug|x64.ActiveCfg = Debug|Any CPU
		{619CBA9A-F196-4250-928A-E2550B8A1191}.Debug|x64.Build.0 = Debug|Any CPU
		{619CBA9A-F196-4250-928A-E2550B8A1191}.Debug|x64.Deploy.0 = Debug|Any CPU
		{619CBA9A-F196-4250-928A-E2550B8A1191}.Debug|x86.ActiveCfg = Debug|Any CPU
		{619CBA9A-F196-4250-928A-E2550B8A1191}.Debug|x86.Build.0 = Debug|Any CPU
		{619CBA9A-F196-4250-928A-E2550B8A1191}.Debug|x86.Deploy.0 = Debug|Any CPU
		{619CBA9A-F196-4250-928A-E2550B8A1191}.Release|Any CPU.ActiveCfg = Release|Any CPU
		{619CBA9A-F196-4250-928A-E2550B8A1191}.Release|Any CPU.Build.0 = Release|Any CPU
		{619CBA9A-F196-4250-928A-E2550B8A1191}.Release|Any CPU.Deploy.0 = Release|Any CPU
		{619CBA9A-F196-4250-928A-E2550B8A1191}.Release|ARM.ActiveCfg = Release|Any CPU
		{619CBA9A-F196-4250-928A-E2550B8A1191}.Release|ARM.Build.0 = Release|Any CPU
		{619CBA9A-F196-4250-928A-E2550B8A1191}.Release|ARM.Deploy.0 = Release|Any CPU
		{619CBA9A-F196-4250-928A-E2550B8A1191}.Release|x64.ActiveCfg = Release|Any CPU
		{619CBA9A-F196-4250-928A-E2550B8A1191}.Release|x64.Build.0 = Release|Any CPU
		{619CBA9A-F196-4250-928A-E2550B8A1191}.Release|x64.Deploy.0 = Release|Any CPU
		{619CBA9A-F196-4250-928A-E2550B8A1191}.Release|x86.ActiveCfg = Release|Any CPU
		{619CBA9A-F196-4250-928A-E2550B8A1191}.Release|x86.Build.0 = Release|Any CPU
		{619CBA9A-F196-4250-928A-E2550B8A1191}.Release|x86.Deploy.0 = Release|Any CPU
		{322284D3-DDBA-4DEF-98CD-7454F19CCEF6}.Debug|Any CPU.ActiveCfg = Debug|Any CPU
		{322284D3-DDBA-4DEF-98CD-7454F19CCEF6}.Debug|Any CPU.Build.0 = Debug|Any CPU
		{322284D3-DDBA-4DEF-98CD-7454F19CCEF6}.Debug|Any CPU.Deploy.0 = Debug|Any CPU
		{322284D3-DDBA-4DEF-98CD-7454F19CCEF6}.Debug|ARM.ActiveCfg = Debug|Any CPU
		{322284D3-DDBA-4DEF-98CD-7454F19CCEF6}.Debug|ARM.Build.0 = Debug|Any CPU
		{322284D3-DDBA-4DEF-98CD-7454F19CCEF6}.Debug|ARM.Deploy.0 = Debug|Any CPU
		{322284D3-DDBA-4DEF-98CD-7454F19CCEF6}.Debug|x64.ActiveCfg = Debug|Any CPU
		{322284D3-DDBA-4DEF-98CD-7454F19CCEF6}.Debug|x64.Build.0 = Debug|Any CPU
		{322284D3-DDBA-4DEF-98CD-7454F19CCEF6}.Debug|x64.Deploy.0 = Debug|Any CPU
		{322284D3-DDBA-4DEF-98CD-7454F19CCEF6}.Debug|x86.ActiveCfg = Debug|Any CPU
		{322284D3-DDBA-4DEF-98CD-7454F19CCEF6}.Debug|x86.Build.0 = Debug|Any CPU
		{322284D3-DDBA-4DEF-98CD-7454F19CCEF6}.Debug|x86.Deploy.0 = Debug|Any CPU
		{322284D3-DDBA-4DEF-98CD-7454F19CCEF6}.Release|Any CPU.ActiveCfg = Release|Any CPU
		{322284D3-DDBA-4DEF-98CD-7454F19CCEF6}.Release|Any CPU.Build.0 = Release|Any CPU
		{322284D3-DDBA-4DEF-98CD-7454F19CCEF6}.Release|Any CPU.Deploy.0 = Release|Any CPU
		{322284D3-DDBA-4DEF-98CD-7454F19CCEF6}.Release|ARM.ActiveCfg = Release|Any CPU
		{322284D3-DDBA-4DEF-98CD-7454F19CCEF6}.Release|ARM.Build.0 = Release|Any CPU
		{322284D3-DDBA-4DEF-98CD-7454F19CCEF6}.Release|ARM.Deploy.0 = Release|Any CPU
		{322284D3-DDBA-4DEF-98CD-7454F19CCEF6}.Release|x64.ActiveCfg = Release|Any CPU
		{322284D3-DDBA-4DEF-98CD-7454F19CCEF6}.Release|x64.Build.0 = Release|Any CPU
		{322284D3-DDBA-4DEF-98CD-7454F19CCEF6}.Release|x64.Deploy.0 = Release|Any CPU
		{322284D3-DDBA-4DEF-98CD-7454F19CCEF6}.Release|x86.ActiveCfg = Release|Any CPU
		{322284D3-DDBA-4DEF-98CD-7454F19CCEF6}.Release|x86.Build.0 = Release|Any CPU
		{322284D3-DDBA-4DEF-98CD-7454F19CCEF6}.Release|x86.Deploy.0 = Release|Any CPU
	EndGlobalSection
	GlobalSection(SolutionProperties) = preSolution
		HideSolutionNode = FALSE
	EndGlobalSection
	GlobalSection(ExtensibilityGlobals) = postSolution
		SolutionGuid = {12FADF6B-79DF-4792-B619-E1FE743C3606}
	EndGlobalSection
EndGlobal
